{
  "name": "site.js-site",
  "version": "1.0.0",
  "lockfileVersion": 1,
  "requires": true,
  "dependencies": {
    "typed.js": {
      "version": "2.0.10",
      "resolved": "https://registry.npmjs.org/typed.js/-/typed.js-2.0.10.tgz",
      "integrity": "sha512-tpK+LRm5FM2GAIWWWogbOc4QRlctS425Ef1PCQKbj/G9wyig+Zt+20eLruK7CBPR+DEl/ou4uSfpwRETCSmk4A=="
    }
  }
}
