{
  "name": "site.js-site",
  "version": "1.0.0",
  "lockfileVersion": 1,
  "requires": true,
  "dependencies": {
    "moment": {
      "version": "2.25.3",
      "resolved": "https://registry.npmjs.org/moment/-/moment-2.25.3.tgz",
      "integrity": "sha512-PuYv0PHxZvzc15Sp8ybUCoQ+xpyPWvjOuK72a5ovzp2LI32rJXOiIfyoFoYvG3s6EwwrdkMyWuRiEHSZRLJNdg=="
    },
    "typed.js": {
      "version": "2.0.10",
      "resolved": "https://registry.npmjs.org/typed.js/-/typed.js-2.0.10.tgz",
      "integrity": "sha512-tpK+LRm5FM2GAIWWWogbOc4QRlctS425Ef1PCQKbj/G9wyig+Zt+20eLruK7CBPR+DEl/ou4uSfpwRETCSmk4A=="
    }
  }
}
